
Microsoft Visual Studio Solution File, Format Version 12.00
# Visual Studio Version 16
VisualStudioVersion = 16.0.31025.194
MinimumVisualStudioVersion = 10.0.40219.1
Project("{FAE04EC0-301F-11D3-BF4B-00C04F79EFBC}") = "ClimateControl", "ClimateControl\ClimateControl.csproj", "{F34DD325-68D9-45E1-8FFD-FF421B8104DD}"
EndProject
Global
	GlobalSection(SolutionConfigurationPlatforms) = preSolution
		Debug|Any CPU = Debug|Any CPU
		Release|Any CPU = Release|Any CPU
	EndGlobalSection
	GlobalSection(ProjectConfigurationPlatforms) = postSolution
		{F34DD325-68D9-45E1-8FFD-FF421B8104DD}.Debug|Any CPU.ActiveCfg = Debug|Any CPU
		{F34DD325-68D9-45E1-8FFD-FF421B8104DD}.Debug|Any CPU.Build.0 = Debug|Any CPU
		{F34DD325-68D9-45E1-8FFD-FF421B8104DD}.Release|Any CPU.ActiveCfg = Release|Any CPU
		{F34DD325-68D9-45E1-8FFD-FF421B8104DD}.Release|Any CPU.Build.0 = Release|Any CPU
	EndGlobalSection
	GlobalSection(SolutionProperties) = preSolution
		HideSolutionNode = FALSE
	EndGlobalSection
	GlobalSection(ExtensibilityGlobals) = postSolution
		SolutionGuid = {452C7810-EDE1-47D9-AAB7-0355CE139432}
	EndGlobalSection
EndGlobal
